
Microsoft Visual Studio Solution File, Format Version 12.00
# Visual Studio Version 17
VisualStudioVersion = 17.7.34024.191
MinimumVisualStudioVersion = 10.0.40219.1
Project("{FAE04EC0-301F-11D3-BF4B-00C04F79EFBC}") = "Lab_01", "Lab_01\Lab_01.csproj", "{2F91E588-B4DD-437F-8DF1-9E03CE96C54B}"
EndProject
Global
	GlobalSection(SolutionConfigurationPlatforms) = preSolution
		Debug|Any CPU = Debug|Any CPU
		Release|Any CPU = Release|Any CPU
	EndGlobalSection
	GlobalSection(ProjectConfigurationPlatforms) = postSolution
		{2F91E588-B4DD-437F-8DF1-9E03CE96C54B}.Debug|Any CPU.ActiveCfg = Debug|Any CPU
		{2F91E588-B4DD-437F-8DF1-9E03CE96C54B}.Debug|Any CPU.Build.0 = Debug|Any CPU
		{2F91E588-B4DD-437F-8DF1-9E03CE96C54B}.Release|Any CPU.ActiveCfg = Release|Any CPU
		{2F91E588-B4DD-437F-8DF1-9E03CE96C54B}.Release|Any CPU.Build.0 = Release|Any CPU
	EndGlobalSection
	GlobalSection(SolutionProperties) = preSolution
		HideSolutionNode = FALSE
	EndGlobalSection
	GlobalSection(ExtensibilityGlobals) = postSolution
		SolutionGuid = {9F4E660F-1D0E-4574-9634-EC3ABFB5F29E}
	EndGlobalSection
EndGlobal
