
Microsoft Visual Studio Solution File, Format Version 12.00
# Visual Studio Version 17
VisualStudioVersion = 17.13.35806.99
MinimumVisualStudioVersion = 10.0.40219.1
Project("{FAE04EC0-301F-11D3-BF4B-00C04F79EFBC}") = "ASPA005_1", "ASPA005_1\ASPA005_1.csproj", "{9425DC07-7D30-4EFC-A3FA-6257403B3B73}"
EndProject
Project("{FAE04EC0-301F-11D3-BF4B-00C04F79EFBC}") = "DAL004", "..\ASPA004\DAL004\DAL004.csproj", "{94BC614E-2B10-5650-566E-6D051A6FE85B}"
EndProject
Project("{FAE04EC0-301F-11D3-BF4B-00C04F79EFBC}") = "ASPA005_2", "ASPA005_2\ASPA005_2.csproj", "{6D938169-0CD0-405C-8BF1-CF7112F99344}"
EndProject
Project("{FAE04EC0-301F-11D3-BF4B-00C04F79EFBC}") = "ASPA005_3", "ASPA005_3\ASPA005_3.csproj", "{AA51F09D-8014-4B11-920F-0185B05E98DF}"
EndProject
Project("{FAE04EC0-301F-11D3-BF4B-00C04F79EFBC}") = "Test_ASPA005_3", "Test_ASPA005_3\Test_ASPA005_3.csproj", "{0FCF5EB8-7B3F-4C07-B799-99598DCE980F}"
EndProject
Global
	GlobalSection(SolutionConfigurationPlatforms) = preSolution
		Debug|Any CPU = Debug|Any CPU
		Release|Any CPU = Release|Any CPU
	EndGlobalSection
	GlobalSection(ProjectConfigurationPlatforms) = postSolution
		{9425DC07-7D30-4EFC-A3FA-6257403B3B73}.Debug|Any CPU.ActiveCfg = Debug|Any CPU
		{9425DC07-7D30-4EFC-A3FA-6257403B3B73}.Debug|Any CPU.Build.0 = Debug|Any CPU
		{9425DC07-7D30-4EFC-A3FA-6257403B3B73}.Release|Any CPU.ActiveCfg = Release|Any CPU
		{9425DC07-7D30-4EFC-A3FA-6257403B3B73}.Release|Any CPU.Build.0 = Release|Any CPU
		{94BC614E-2B10-5650-566E-6D051A6FE85B}.Debug|Any CPU.ActiveCfg = Debug|Any CPU
		{94BC614E-2B10-5650-566E-6D051A6FE85B}.Debug|Any CPU.Build.0 = Debug|Any CPU
		{94BC614E-2B10-5650-566E-6D051A6FE85B}.Release|Any CPU.ActiveCfg = Release|Any CPU
		{94BC614E-2B10-5650-566E-6D051A6FE85B}.Release|Any CPU.Build.0 = Release|Any CPU
		{6D938169-0CD0-405C-8BF1-CF7112F99344}.Debug|Any CPU.ActiveCfg = Debug|Any CPU
		{6D938169-0CD0-405C-8BF1-CF7112F99344}.Debug|Any CPU.Build.0 = Debug|Any CPU
		{6D938169-0CD0-405C-8BF1-CF7112F99344}.Release|Any CPU.ActiveCfg = Release|Any CPU
		{6D938169-0CD0-405C-8BF1-CF7112F99344}.Release|Any CPU.Build.0 = Release|Any CPU
		{AA51F09D-8014-4B11-920F-0185B05E98DF}.Debug|Any CPU.ActiveCfg = Debug|Any CPU
		{AA51F09D-8014-4B11-920F-0185B05E98DF}.Debug|Any CPU.Build.0 = Debug|Any CPU
		{AA51F09D-8014-4B11-920F-0185B05E98DF}.Release|Any CPU.ActiveCfg = Release|Any CPU
		{AA51F09D-8014-4B11-920F-0185B05E98DF}.Release|Any CPU.Build.0 = Release|Any CPU
		{0FCF5EB8-7B3F-4C07-B799-99598DCE980F}.Debug|Any CPU.ActiveCfg = Debug|Any CPU
		{0FCF5EB8-7B3F-4C07-B799-99598DCE980F}.Debug|Any CPU.Build.0 = Debug|Any CPU
		{0FCF5EB8-7B3F-4C07-B799-99598DCE980F}.Release|Any CPU.ActiveCfg = Release|Any CPU
		{0FCF5EB8-7B3F-4C07-B799-99598DCE980F}.Release|Any CPU.Build.0 = Release|Any CPU
	EndGlobalSection
	GlobalSection(SolutionProperties) = preSolution
		HideSolutionNode = FALSE
	EndGlobalSection
	GlobalSection(ExtensibilityGlobals) = postSolution
		SolutionGuid = {715923D7-9FFE-4556-9742-67A366543519}
	EndGlobalSection
EndGlobal
