
Microsoft Visual Studio Solution File, Format Version 12.00
# Visual Studio Version 17
VisualStudioVersion = 17.7.34024.191
MinimumVisualStudioVersion = 10.0.40219.1
Project("{FAE04EC0-301F-11D3-BF4B-00C04F79EFBC}") = "Lab_07", "Lab_07\Lab_07.csproj", "{47800149-1873-475C-A19E-1B72B99AFC2B}"
EndProject
Global
	GlobalSection(SolutionConfigurationPlatforms) = preSolution
		Debug|Any CPU = Debug|Any CPU
		Release|Any CPU = Release|Any CPU
	EndGlobalSection
	GlobalSection(ProjectConfigurationPlatforms) = postSolution
		{47800149-1873-475C-A19E-1B72B99AFC2B}.Debug|Any CPU.ActiveCfg = Debug|Any CPU
		{47800149-1873-475C-A19E-1B72B99AFC2B}.Debug|Any CPU.Build.0 = Debug|Any CPU
		{47800149-1873-475C-A19E-1B72B99AFC2B}.Release|Any CPU.ActiveCfg = Release|Any CPU
		{47800149-1873-475C-A19E-1B72B99AFC2B}.Release|Any CPU.Build.0 = Release|Any CPU
	EndGlobalSection
	GlobalSection(SolutionProperties) = preSolution
		HideSolutionNode = FALSE
	EndGlobalSection
	GlobalSection(ExtensibilityGlobals) = postSolution
		SolutionGuid = {D3A14953-0464-4EB3-AB78-242471CB81C6}
	EndGlobalSection
EndGlobal
