
Microsoft Visual Studio Solution File, Format Version 12.00
# Visual Studio Version 17
VisualStudioVersion = 17.7.34024.191
MinimumVisualStudioVersion = 10.0.40219.1
Project("{FAE04EC0-301F-11D3-BF4B-00C04F79EFBC}") = "Lab_12", "Lab_12\Lab_12.csproj", "{D9DC73EC-DCB4-4461-9B74-99D9215E9A3C}"
EndProject
Global
	GlobalSection(SolutionConfigurationPlatforms) = preSolution
		Debug|Any CPU = Debug|Any CPU
		Release|Any CPU = Release|Any CPU
	EndGlobalSection
	GlobalSection(ProjectConfigurationPlatforms) = postSolution
		{D9DC73EC-DCB4-4461-9B74-99D9215E9A3C}.Debug|Any CPU.ActiveCfg = Debug|Any CPU
		{D9DC73EC-DCB4-4461-9B74-99D9215E9A3C}.Debug|Any CPU.Build.0 = Debug|Any CPU
		{D9DC73EC-DCB4-4461-9B74-99D9215E9A3C}.Release|Any CPU.ActiveCfg = Release|Any CPU
		{D9DC73EC-DCB4-4461-9B74-99D9215E9A3C}.Release|Any CPU.Build.0 = Release|Any CPU
	EndGlobalSection
	GlobalSection(SolutionProperties) = preSolution
		HideSolutionNode = FALSE
	EndGlobalSection
	GlobalSection(ExtensibilityGlobals) = postSolution
		SolutionGuid = {A01A381D-E5FD-4CE2-A450-EB0448ACCD11}
	EndGlobalSection
EndGlobal
