
Microsoft Visual Studio Solution File, Format Version 12.00
# Visual Studio Version 17
VisualStudioVersion = 17.13.35806.99 d17.13
MinimumVisualStudioVersion = 10.0.40219.1
Project("{FAE04EC0-301F-11D3-BF4B-00C04F79EFBC}") = "DAL_Celebrity", "DAL_Celebrity\DAL_Celebrity.csproj", "{9713388A-E431-400B-941E-9E8900B18EF1}"
EndProject
Project("{FAE04EC0-301F-11D3-BF4B-00C04F79EFBC}") = "DAL_Celebrity_MSSQL", "DAL_Celebrity_MSSQL\DAL_Celebrity_MSSQL.csproj", "{77432877-8FFA-4097-A4BE-1C9243973F7A}"
EndProject
Project("{FAE04EC0-301F-11D3-BF4B-00C04F79EFBC}") = "DAL_Celebrity_MSSQL_Test", "DAL_Celebrity_MSSQL_Test\DAL_Celebrity_MSSQL_Test.csproj", "{BD04D85B-84E0-473F-A651-FFEB9A4A5ACA}"
EndProject
Global
	GlobalSection(SolutionConfigurationPlatforms) = preSolution
		Debug|Any CPU = Debug|Any CPU
		Release|Any CPU = Release|Any CPU
	EndGlobalSection
	GlobalSection(ProjectConfigurationPlatforms) = postSolution
		{9713388A-E431-400B-941E-9E8900B18EF1}.Debug|Any CPU.ActiveCfg = Debug|Any CPU
		{9713388A-E431-400B-941E-9E8900B18EF1}.Debug|Any CPU.Build.0 = Debug|Any CPU
		{9713388A-E431-400B-941E-9E8900B18EF1}.Release|Any CPU.ActiveCfg = Release|Any CPU
		{9713388A-E431-400B-941E-9E8900B18EF1}.Release|Any CPU.Build.0 = Release|Any CPU
		{77432877-8FFA-4097-A4BE-1C9243973F7A}.Debug|Any CPU.ActiveCfg = Debug|Any CPU
		{77432877-8FFA-4097-A4BE-1C9243973F7A}.Debug|Any CPU.Build.0 = Debug|Any CPU
		{77432877-8FFA-4097-A4BE-1C9243973F7A}.Release|Any CPU.ActiveCfg = Release|Any CPU
		{77432877-8FFA-4097-A4BE-1C9243973F7A}.Release|Any CPU.Build.0 = Release|Any CPU
		{BD04D85B-84E0-473F-A651-FFEB9A4A5ACA}.Debug|Any CPU.ActiveCfg = Debug|Any CPU
		{BD04D85B-84E0-473F-A651-FFEB9A4A5ACA}.Debug|Any CPU.Build.0 = Debug|Any CPU
		{BD04D85B-84E0-473F-A651-FFEB9A4A5ACA}.Release|Any CPU.ActiveCfg = Release|Any CPU
		{BD04D85B-84E0-473F-A651-FFEB9A4A5ACA}.Release|Any CPU.Build.0 = Release|Any CPU
	EndGlobalSection
	GlobalSection(SolutionProperties) = preSolution
		HideSolutionNode = FALSE
	EndGlobalSection
	GlobalSection(ExtensibilityGlobals) = postSolution
		SolutionGuid = {CE760176-BDC6-4789-A32B-359E3EDCD516}
	EndGlobalSection
EndGlobal
